{
  "requires": true,
  "lockfileVersion": 1,
  "dependencies": {
    "@react-icons/all-files": {
      "version": "4.1.0",
      "resolved": "https://registry.npmjs.org/@react-icons/all-files/-/all-files-4.1.0.tgz",
      "integrity": "sha512-hxBI2UOuVaI3O/BhQfhtb4kcGn9ft12RWAFVMUeNjqqhLsHvFtzIkFaptBJpFDANTKoDfdVoHTKZDlwKCACbMQ=="
    }
  }
}
